
Microsoft Visual Studio Solution File, Format Version 12.00
# Visual Studio Version 17
VisualStudioVersion = 17.2.32630.192
MinimumVisualStudioVersion = 10.0.40219.1
Project("{9A19103F-16F7-4668-BE54-9A1E7A4F7556}") = "DLHApp", "DLHApp\DLHApp.csproj", "{449003C6-78E6-4837-A72C-D80F3C6341B2}"
EndProject
Project("{9A19103F-16F7-4668-BE54-9A1E7A4F7556}") = "DLHApp.Commands", "DLHApp.Commands\DLHApp.Commands.csproj", "{95B6B4CE-DCD2-4CF7-AFED-716999AC7571}"
EndProject
Project("{9A19103F-16F7-4668-BE54-9A1E7A4F7556}") = "DLHApp.Model", "DLHApp.Model\DLHApp.Model.csproj", "{EB6689F9-1003-4390-B273-32C6F6ACB1E5}"
EndProject
Project("{9A19103F-16F7-4668-BE54-9A1E7A4F7556}") = "DLHWin", "DLHWin\DLHWin.csproj", "{20429A22-450F-4F69-B66C-533481CC2853}"
EndProject
Project("{9A19103F-16F7-4668-BE54-9A1E7A4F7556}") = "DLHApp.Build", "DLHApp.Build\DLHApp.Build.csproj", "{89D1DA72-4E1A-41C2-9909-2429AF5A46D9}"
EndProject
Project("{FAE04EC0-301F-11D3-BF4B-00C04F79EFBC}") = "DLHApp.Templates", "DLHApp.Templates\DLHApp.Templates.csproj", "{77D4CF8A-A4BB-46C9-AA92-3A70535ABB57}"
EndProject
Global
	GlobalSection(SolutionConfigurationPlatforms) = preSolution
		Debug|Any CPU = Debug|Any CPU
		Release|Any CPU = Release|Any CPU
	EndGlobalSection
	GlobalSection(ProjectConfigurationPlatforms) = postSolution
		{449003C6-78E6-4837-A72C-D80F3C6341B2}.Debug|Any CPU.ActiveCfg = Debug|Any CPU
		{449003C6-78E6-4837-A72C-D80F3C6341B2}.Debug|Any CPU.Build.0 = Debug|Any CPU
		{449003C6-78E6-4837-A72C-D80F3C6341B2}.Release|Any CPU.ActiveCfg = Release|Any CPU
		{449003C6-78E6-4837-A72C-D80F3C6341B2}.Release|Any CPU.Build.0 = Release|Any CPU
		{95B6B4CE-DCD2-4CF7-AFED-716999AC7571}.Debug|Any CPU.ActiveCfg = Debug|Any CPU
		{95B6B4CE-DCD2-4CF7-AFED-716999AC7571}.Debug|Any CPU.Build.0 = Debug|Any CPU
		{95B6B4CE-DCD2-4CF7-AFED-716999AC7571}.Release|Any CPU.ActiveCfg = Release|Any CPU
		{95B6B4CE-DCD2-4CF7-AFED-716999AC7571}.Release|Any CPU.Build.0 = Release|Any CPU
		{EB6689F9-1003-4390-B273-32C6F6ACB1E5}.Debug|Any CPU.ActiveCfg = Debug|Any CPU
		{EB6689F9-1003-4390-B273-32C6F6ACB1E5}.Debug|Any CPU.Build.0 = Debug|Any CPU
		{EB6689F9-1003-4390-B273-32C6F6ACB1E5}.Release|Any CPU.ActiveCfg = Release|Any CPU
		{EB6689F9-1003-4390-B273-32C6F6ACB1E5}.Release|Any CPU.Build.0 = Release|Any CPU
		{20429A22-450F-4F69-B66C-533481CC2853}.Debug|Any CPU.ActiveCfg = Debug|Any CPU
		{20429A22-450F-4F69-B66C-533481CC2853}.Debug|Any CPU.Build.0 = Debug|Any CPU
		{20429A22-450F-4F69-B66C-533481CC2853}.Release|Any CPU.ActiveCfg = Release|Any CPU
		{20429A22-450F-4F69-B66C-533481CC2853}.Release|Any CPU.Build.0 = Release|Any CPU
		{89D1DA72-4E1A-41C2-9909-2429AF5A46D9}.Debug|Any CPU.ActiveCfg = Debug|Any CPU
		{89D1DA72-4E1A-41C2-9909-2429AF5A46D9}.Debug|Any CPU.Build.0 = Debug|Any CPU
		{89D1DA72-4E1A-41C2-9909-2429AF5A46D9}.Release|Any CPU.ActiveCfg = Release|Any CPU
		{89D1DA72-4E1A-41C2-9909-2429AF5A46D9}.Release|Any CPU.Build.0 = Release|Any CPU
		{77D4CF8A-A4BB-46C9-AA92-3A70535ABB57}.Debug|Any CPU.ActiveCfg = Debug|Any CPU
		{77D4CF8A-A4BB-46C9-AA92-3A70535ABB57}.Debug|Any CPU.Build.0 = Debug|Any CPU
		{77D4CF8A-A4BB-46C9-AA92-3A70535ABB57}.Release|Any CPU.ActiveCfg = Release|Any CPU
		{77D4CF8A-A4BB-46C9-AA92-3A70535ABB57}.Release|Any CPU.Build.0 = Release|Any CPU
	EndGlobalSection
	GlobalSection(SolutionProperties) = preSolution
		HideSolutionNode = FALSE
	EndGlobalSection
	GlobalSection(ExtensibilityGlobals) = postSolution
		SolutionGuid = {8245EAFC-8FF5-4DD4-AD09-380C7D16163E}
	EndGlobalSection
EndGlobal
